
Microsoft Visual Studio Solution File, Format Version 12.00
# Visual Studio Version 16
VisualStudioVersion = 16.0.31424.327
MinimumVisualStudioVersion = 10.0.40219.1
Project("{FAE04EC0-301F-11D3-BF4B-00C04F79EFBC}") = "FacadeExercise", "FacadeExercise.csproj", "{5F12BEFA-3CA7-44DB-8D6E-037BC08FA066}"
EndProject
Global
	GlobalSection(SolutionConfigurationPlatforms) = preSolution
		Debug|Any CPU = Debug|Any CPU
		Release|Any CPU = Release|Any CPU
	EndGlobalSection
	GlobalSection(ProjectConfigurationPlatforms) = postSolution
		{5F12BEFA-3CA7-44DB-8D6E-037BC08FA066}.Debug|Any CPU.ActiveCfg = Debug|Any CPU
		{5F12BEFA-3CA7-44DB-8D6E-037BC08FA066}.Debug|Any CPU.Build.0 = Debug|Any CPU
		{5F12BEFA-3CA7-44DB-8D6E-037BC08FA066}.Release|Any CPU.ActiveCfg = Release|Any CPU
		{5F12BEFA-3CA7-44DB-8D6E-037BC08FA066}.Release|Any CPU.Build.0 = Release|Any CPU
	EndGlobalSection
	GlobalSection(SolutionProperties) = preSolution
		HideSolutionNode = FALSE
	EndGlobalSection
	GlobalSection(ExtensibilityGlobals) = postSolution
		SolutionGuid = {725B31EE-39BB-476C-A6BF-3646ABD052D0}
	EndGlobalSection
EndGlobal
